
Microsoft Visual Studio Solution File, Format Version 12.00
# Visual Studio Version 16
VisualStudioVersion = 16.0.30204.135
MinimumVisualStudioVersion = 10.0.40219.1
Project("{FAE04EC0-301F-11D3-BF4B-00C04F79EFBC}") = "eshop.UI", "eshop.UI\eshop.UI.csproj", "{6EC5F8CF-1346-4402-8BC3-6F2725F65202}"
EndProject
Project("{FAE04EC0-301F-11D3-BF4B-00C04F79EFBC}") = "eshop.API", "eshop.API\eshop.API.csproj", "{7B602953-A0A0-4A23-826F-248FD8139372}"
EndProject
Project("{FAE04EC0-301F-11D3-BF4B-00C04F79EFBC}") = "eshop.Business", "eshop.Business\eshop.Business.csproj", "{C051E616-3A97-4F6C-B089-3BE361B9F093}"
EndProject
Project("{FAE04EC0-301F-11D3-BF4B-00C04F79EFBC}") = "eshop.DataAccess", "eshop.DataAccess\eshop.DataAccess.csproj", "{14F5516A-52A7-4B8D-8D54-7CFC088B45BA}"
EndProject
Project("{FAE04EC0-301F-11D3-BF4B-00C04F79EFBC}") = "eshop.Test", "eshop.Test\eshop.Test.csproj", "{8A383C12-8827-44C3-B925-1B68A9C6CB40}"
EndProject
Global
	GlobalSection(SolutionConfigurationPlatforms) = preSolution
		Debug|Any CPU = Debug|Any CPU
		Release|Any CPU = Release|Any CPU
	EndGlobalSection
	GlobalSection(ProjectConfigurationPlatforms) = postSolution
		{6EC5F8CF-1346-4402-8BC3-6F2725F65202}.Debug|Any CPU.ActiveCfg = Debug|Any CPU
		{6EC5F8CF-1346-4402-8BC3-6F2725F65202}.Debug|Any CPU.Build.0 = Debug|Any CPU
		{6EC5F8CF-1346-4402-8BC3-6F2725F65202}.Release|Any CPU.ActiveCfg = Release|Any CPU
		{6EC5F8CF-1346-4402-8BC3-6F2725F65202}.Release|Any CPU.Build.0 = Release|Any CPU
		{7B602953-A0A0-4A23-826F-248FD8139372}.Debug|Any CPU.ActiveCfg = Debug|Any CPU
		{7B602953-A0A0-4A23-826F-248FD8139372}.Debug|Any CPU.Build.0 = Debug|Any CPU
		{7B602953-A0A0-4A23-826F-248FD8139372}.Release|Any CPU.ActiveCfg = Release|Any CPU
		{7B602953-A0A0-4A23-826F-248FD8139372}.Release|Any CPU.Build.0 = Release|Any CPU
		{C051E616-3A97-4F6C-B089-3BE361B9F093}.Debug|Any CPU.ActiveCfg = Debug|Any CPU
		{C051E616-3A97-4F6C-B089-3BE361B9F093}.Debug|Any CPU.Build.0 = Debug|Any CPU
		{C051E616-3A97-4F6C-B089-3BE361B9F093}.Release|Any CPU.ActiveCfg = Release|Any CPU
		{C051E616-3A97-4F6C-B089-3BE361B9F093}.Release|Any CPU.Build.0 = Release|Any CPU
		{14F5516A-52A7-4B8D-8D54-7CFC088B45BA}.Debug|Any CPU.ActiveCfg = Debug|Any CPU
		{14F5516A-52A7-4B8D-8D54-7CFC088B45BA}.Debug|Any CPU.Build.0 = Debug|Any CPU
		{14F5516A-52A7-4B8D-8D54-7CFC088B45BA}.Release|Any CPU.ActiveCfg = Release|Any CPU
		{14F5516A-52A7-4B8D-8D54-7CFC088B45BA}.Release|Any CPU.Build.0 = Release|Any CPU
		{8A383C12-8827-44C3-B925-1B68A9C6CB40}.Debug|Any CPU.ActiveCfg = Debug|Any CPU
		{8A383C12-8827-44C3-B925-1B68A9C6CB40}.Debug|Any CPU.Build.0 = Debug|Any CPU
		{8A383C12-8827-44C3-B925-1B68A9C6CB40}.Release|Any CPU.ActiveCfg = Release|Any CPU
		{8A383C12-8827-44C3-B925-1B68A9C6CB40}.Release|Any CPU.Build.0 = Release|Any CPU
	EndGlobalSection
	GlobalSection(SolutionProperties) = preSolution
		HideSolutionNode = FALSE
	EndGlobalSection
	GlobalSection(ExtensibilityGlobals) = postSolution
		SolutionGuid = {FFC408DA-DB38-44AA-895D-00E7A72DAF97}
	EndGlobalSection
EndGlobal
